
Microsoft Visual Studio Solution File, Format Version 12.00
# Visual Studio 15
Project("{FAE04EC0-301F-11D3-BF4B-00C04F79EFBC}") = "Assembly-CSharp", "Assembly-CSharp.csproj", "{5973DC7B-8C40-87F4-3FB4-5A4E9620FC2B}"
EndProject
Project("{FAE04EC0-301F-11D3-BF4B-00C04F79EFBC}") = "Assembly-CSharp-Editor", "Assembly-CSharp-Editor.csproj", "{3F4DED66-D064-409A-9D8D-B1EAE5F19F69}"
EndProject
Global
	GlobalSection(SolutionConfigurationPlatforms) = preSolution
		Debug|Any CPU = Debug|Any CPU
		Release|Any CPU = Release|Any CPU
	EndGlobalSection
	GlobalSection(ProjectConfigurationPlatforms) = postSolution
		{5973DC7B-8C40-87F4-3FB4-5A4E9620FC2B}.Debug|Any CPU.ActiveCfg = Debug|Any CPU
		{5973DC7B-8C40-87F4-3FB4-5A4E9620FC2B}.Debug|Any CPU.Build.0 = Debug|Any CPU
		{5973DC7B-8C40-87F4-3FB4-5A4E9620FC2B}.Release|Any CPU.ActiveCfg = Release|Any CPU
		{5973DC7B-8C40-87F4-3FB4-5A4E9620FC2B}.Release|Any CPU.Build.0 = Release|Any CPU
		{3F4DED66-D064-409A-9D8D-B1EAE5F19F69}.Debug|Any CPU.ActiveCfg = Debug|Any CPU
		{3F4DED66-D064-409A-9D8D-B1EAE5F19F69}.Debug|Any CPU.Build.0 = Debug|Any CPU
		{3F4DED66-D064-409A-9D8D-B1EAE5F19F69}.Release|Any CPU.ActiveCfg = Release|Any CPU
		{3F4DED66-D064-409A-9D8D-B1EAE5F19F69}.Release|Any CPU.Build.0 = Release|Any CPU
	EndGlobalSection
	GlobalSection(SolutionProperties) = preSolution
		HideSolutionNode = FALSE
	EndGlobalSection
EndGlobal
